// !$*UTF8*$!
{
	archiveVersion = 1;
	classes = {
	};
	objectVersion = 50;
	objects = {

/* Begin PBXBuildFile section */
		837B3C2825E210E900D65FAE /* AppDelegate.swift in Sources */ = {isa = PBXBuildFile; fileRef = 837B3C2725E210E900D65FAE /* AppDelegate.swift */; };
		837B3C2A25E210E900D65FAE /* SceneDelegate.swift in Sources */ = {isa = PBXBuildFile; fileRef = 837B3C2925E210E900D65FAE /* SceneDelegate.swift */; };
		837B3C2C25E210E900D65FAE /* ViewController.swift in Sources */ = {isa = PBXBuildFile; fileRef = 837B3C2B25E210E900D65FAE /* ViewController.swift */; };
		837B3C2F25E210E900D65FAE /* Main.storyboard in Resources */ = {isa = PBXBuildFile; fileRef = 837B3C2D25E210E900D65FAE /* Main.storyboard */; };
		837B3C3125E210EA00D65FAE /* Assets.xcassets in Resources */ = {isa = PBXBuildFile; fileRef = 837B3C3025E210EA00D65FAE /* Assets.xcassets */; };
		837B3C3425E210EA00D65FAE /* LaunchScreen.storyboard in Resources */ = {isa = PBXBuildFile; fileRef = 837B3C3225E210EA00D65FAE /* LaunchScreen.storyboard */; };
		837B3C3F25E210EA00D65FAE /* TriangleAppTests.swift in Sources */ = {isa = PBXBuildFile; fileRef = 837B3C3E25E210EA00D65FAE /* TriangleAppTests.swift */; };
		837B3C4A25E210EA00D65FAE /* TriangleAppUITests.swift in Sources */ = {isa = PBXBuildFile; fileRef = 837B3C4925E210EA00D65FAE /* TriangleAppUITests.swift */; };
/* End PBXBuildFile section */

/* Begin PBXContainerItemProxy section */
		837B3C3B25E210EA00D65FAE /* PBXContainerItemProxy */ = {
			isa = PBXContainerItemProxy;
			containerPortal = 837B3C1C25E210E900D65FAE /* Project object */;
			proxyType = 1;
			remoteGlobalIDString = 837B3C2325E210E900D65FAE;
			remoteInfo = TriangleApp;
		};
		837B3C4625E210EA00D65FAE /* PBXContainerItemProxy */ = {
			isa = PBXContainerItemProxy;
			containerPortal = 837B3C1C25E210E900D65FAE /* Project object */;
			proxyType = 1;
			remoteGlobalIDString = 837B3C2325E210E900D65FAE;
			remoteInfo = TriangleApp;
		};
/* End PBXContainerItemProxy section */

/* Begin PBXFileReference section */
		837B3C2425E210E900D65FAE /* TriangleApp.app */ = {isa = PBXFileReference; explicitFileType = wrapper.application; includeInIndex = 0; path = TriangleApp.app; sourceTree = BUILT_PRODUCTS_DIR; };
		837B3C2725E210E900D65FAE /* AppDelegate.swift */ = {isa = PBXFileReference; lastKnownFileType = sourcecode.swift; path = AppDelegate.swift; sourceTree = "<group>"; };
		837B3C2925E210E900D65FAE /* SceneDelegate.swift */ = {isa = PBXFileReference; lastKnownFileType = sourcecode.swift; path = SceneDelegate.swift; sourceTree = "<group>"; };
		837B3C2B25E210E900D65FAE /* ViewController.swift */ = {isa = PBXFileReference; lastKnownFileType = sourcecode.swift; path = ViewController.swift; sourceTree = "<group>"; };
		837B3C2E25E210E900D65FAE /* Base */ = {isa = PBXFileReference; lastKnownFileType = file.storyboard; name = Base; path = Base.lproj/Main.storyboard; sourceTree = "<group>"; };
		837B3C3025E210EA00D65FAE /* Assets.xcassets */ = {isa = PBXFileReference; lastKnownFileType = folder.assetcatalog; path = Assets.xcassets; sourceTree = "<group>"; };
		837B3C3325E210EA00D65FAE /* Base */ = {isa = PBXFileReference; lastKnownFileType = file.storyboard; name = Base; path = Base.lproj/LaunchScreen.storyboard; sourceTree = "<group>"; };
		837B3C3525E210EA00D65FAE /* Info.plist */ = {isa = PBXFileReference; lastKnownFileType = text.plist.xml; path = Info.plist; sourceTree = "<group>"; };
		837B3C3A25E210EA00D65FAE /* TriangleAppTests.xctest */ = {isa = PBXFileReference; explicitFileType = wrapper.cfbundle; includeInIndex = 0; path = TriangleAppTests.xctest; sourceTree = BUILT_PRODUCTS_DIR; };
		837B3C3E25E210EA00D65FAE /* TriangleAppTests.swift */ = {isa = PBXFileReference; lastKnownFileType = sourcecode.swift; path = TriangleAppTests.swift; sourceTree = "<group>"; };
		837B3C4025E210EA00D65FAE /* Info.plist */ = {isa = PBXFileReference; lastKnownFileType = text.plist.xml; path = Info.plist; sourceTree = "<group>"; };
		837B3C4525E210EA00D65FAE /* TriangleAppUITests.xctest */ = {isa = PBXFileReference; explicitFileType = wrapper.cfbundle; includeInIndex = 0; path = TriangleAppUITests.xctest; sourceTree = BUILT_PRODUCTS_DIR; };
		837B3C4925E210EA00D65FAE /* TriangleAppUITests.swift */ = {isa = PBXFileReference; lastKnownFileType = sourcecode.swift; path = TriangleAppUITests.swift; sourceTree = "<group>"; };
		837B3C4B25E210EA00D65FAE /* Info.plist */ = {isa = PBXFileReference; lastKnownFileType = text.plist.xml; path = Info.plist; sourceTree = "<group>"; };
/* End PBXFileReference section */

/* Begin PBXFrameworksBuildPhase section */
		837B3C2125E210E900D65FAE /* Frameworks */ = {
			isa = PBXFrameworksBuildPhase;
			buildActionMask = 2147483647;
			files = (
			);
			runOnlyForDeploymentPostprocessing = 0;
		};
		837B3C3725E210EA00D65FAE /* Frameworks */ = {
			isa = PBXFrameworksBuildPhase;
			buildActionMask = 2147483647;
			files = (
			);
			runOnlyForDeploymentPostprocessing = 0;
		};
		837B3C4225E210EA00D65FAE /* Frameworks */ = {
			isa = PBXFrameworksBuildPhase;
			buildActionMask = 2147483647;
			files = (
			);
			runOnlyForDeploymentPostprocessing = 0;
		};
/* End PBXFrameworksBuildPhase section */

/* Begin PBXGroup section */
		837B3C1B25E210E900D65FAE = {
			isa = PBXGroup;
			children = (
				837B3C2625E210E900D65FAE /* TriangleApp */,
				837B3C3D25E210EA00D65FAE /* TriangleAppTests */,
				837B3C4825E210EA00D65FAE /* TriangleAppUITests */,
				837B3C2525E210E900D65FAE /* Products */,
			);
			sourceTree = "<group>";
		};
		837B3C2525E210E900D65FAE /* Products */ = {
			isa = PBXGroup;
			children = (
				837B3C2425E210E900D65FAE /* TriangleApp.app */,
				837B3C3A25E210EA00D65FAE /* TriangleAppTests.xctest */,
				837B3C4525E210EA00D65FAE /* TriangleAppUITests.xctest */,
			);
			name = Products;
			sourceTree = "<group>";
		};
		837B3C2625E210E900D65FAE /* TriangleApp */ = {
			isa = PBXGroup;
			children = (
				837B3C2725E210E900D65FAE /* AppDelegate.swift */,
				837B3C2925E210E900D65FAE /* SceneDelegate.swift */,
				837B3C2B25E210E900D65FAE /* ViewController.swift */,
				837B3C2D25E210E900D65FAE /* Main.storyboard */,
				837B3C3025E210EA00D65FAE /* Assets.xcassets */,
				837B3C3225E210EA00D65FAE /* LaunchScreen.storyboard */,
				837B3C3525E210EA00D65FAE /* Info.plist */,
			);
			path = TriangleApp;
			sourceTree = "<group>";
		};
		837B3C3D25E210EA00D65FAE /* TriangleAppTests */ = {
			isa = PBXGroup;
			children = (
				837B3C3E25E210EA00D65FAE /* TriangleAppTests.swift */,
				837B3C4025E210EA00D65FAE /* Info.plist */,
			);
			path = TriangleAppTests;
			sourceTree = "<group>";
		};
		837B3C4825E210EA00D65FAE /* TriangleAppUITests */ = {
			isa = PBXGroup;
			children = (
				837B3C4925E210EA00D65FAE /* TriangleAppUITests.swift */,
				837B3C4B25E210EA00D65FAE /* Info.plist */,
			);
			path = TriangleAppUITests;
			sourceTree = "<group>";
		};
/* End PBXGroup section */

/* Begin PBXNativeTarget section */
		837B3C2325E210E900D65FAE /* TriangleApp */ = {
			isa = PBXNativeTarget;
			buildConfigurationList = 837B3C4E25E210EA00D65FAE /* Build configuration list for PBXNativeTarget "TriangleApp" */;
			buildPhases = (
				837B3C2025E210E900D65FAE /* Sources */,
				837B3C2125E210E900D65FAE /* Frameworks */,
				837B3C2225E210E900D65FAE /* Resources */,
			);
			buildRules = (
			);
			dependencies = (
			);
			name = TriangleApp;
			productName = TriangleApp;
			productReference = 837B3C2425E210E900D65FAE /* TriangleApp.app */;
			productType = "com.apple.product-type.application";
		};
		837B3C3925E210EA00D65FAE /* TriangleAppTests */ = {
			isa = PBXNativeTarget;
			buildConfigurationList = 837B3C5125E210EA00D65FAE /* Build configuration list for PBXNativeTarget "TriangleAppTests" */;
			buildPhases = (
				837B3C3625E210EA00D65FAE /* Sources */,
				837B3C3725E210EA00D65FAE /* Frameworks */,
				837B3C3825E210EA00D65FAE /* Resources */,
			);
			buildRules = (
			);
			dependencies = (
				837B3C3C25E210EA00D65FAE /* PBXTargetDependency */,
			);
			name = TriangleAppTests;
			productName = TriangleAppTests;
			productReference = 837B3C3A25E210EA00D65FAE /* TriangleAppTests.xctest */;
			productType = "com.apple.product-type.bundle.unit-test";
		};
		837B3C4425E210EA00D65FAE /* TriangleAppUITests */ = {
			isa = PBXNativeTarget;
			buildConfigurationList = 837B3C5425E210EA00D65FAE /* Build configuration list for PBXNativeTarget "TriangleAppUITests" */;
			buildPhases = (
				837B3C4125E210EA00D65FAE /* Sources */,
				837B3C4225E210EA00D65FAE /* Frameworks */,
				837B3C4325E210EA00D65FAE /* Resources */,
			);
			buildRules = (
			);
			dependencies = (
				837B3C4725E210EA00D65FAE /* PBXTargetDependency */,
			);
			name = TriangleAppUITests;
			productName = TriangleAppUITests;
			productReference = 837B3C4525E210EA00D65FAE /* TriangleAppUITests.xctest */;
			productType = "com.apple.product-type.bundle.ui-testing";
		};
/* End PBXNativeTarget section */

/* Begin PBXProject section */
		837B3C1C25E210E900D65FAE /* Project object */ = {
			isa = PBXProject;
			attributes = {
				LastSwiftUpdateCheck = 1230;
				LastUpgradeCheck = 1230;
				TargetAttributes = {
					837B3C2325E210E900D65FAE = {
						CreatedOnToolsVersion = 12.3;
					};
					837B3C3925E210EA00D65FAE = {
						CreatedOnToolsVersion = 12.3;
						TestTargetID = 837B3C2325E210E900D65FAE;
					};
					837B3C4425E210EA00D65FAE = {
						CreatedOnToolsVersion = 12.3;
						TestTargetID = 837B3C2325E210E900D65FAE;
					};
				};
			};
			buildConfigurationList = 837B3C1F25E210E900D65FAE /* Build configuration list for PBXProject "TriangleApp" */;
			compatibilityVersion = "Xcode 9.3";
			developmentRegion = en;
			hasScannedForEncodings = 0;
			knownRegions = (
				en,
				Base,
			);
			mainGroup = 837B3C1B25E210E900D65FAE;
			productRefGroup = 837B3C2525E210E900D65FAE /* Products */;
			projectDirPath = "";
			projectRoot = "";
			targets = (
				837B3C2325E210E900D65FAE /* TriangleApp */,
				837B3C3925E210EA00D65FAE /* TriangleAppTests */,
				837B3C4425E210EA00D65FAE /* TriangleAppUITests */,
			);
		};
/* End PBXProject section */

/* Begin PBXResourcesBuildPhase section */
		837B3C2225E210E900D65FAE /* Resources */ = {
			isa = PBXResourcesBuildPhase;
			buildActionMask = 2147483647;
			files = (
				837B3C3425E210EA00D65FAE /* LaunchScreen.storyboard in Resources */,
				837B3C3125E210EA00D65FAE /* Assets.xcassets in Resources */,
				837B3C2F25E210E900D65FAE /* Main.storyboard in Resources */,
			);
			runOnlyForDeploymentPostprocessing = 0;
		};
		837B3C3825E210EA00D65FAE /* Resources */ = {
			isa = PBXResourcesBuildPhase;
			buildActionMask = 2147483647;
			files = (
			);
			runOnlyForDeploymentPostprocessing = 0;
		};
		837B3C4325E210EA00D65FAE /* Resources */ = {
			isa = PBXResourcesBuildPhase;
			buildActionMask = 2147483647;
			files = (
			);
			runOnlyForDeploymentPostprocessing = 0;
		};
/* End PBXResourcesBuildPhase section */

/* Begin PBXSourcesBuildPhase section */
		837B3C2025E210E900D65FAE /* Sources */ = {
			isa = PBXSourcesBuildPhase;
			buildActionMask = 2147483647;
			files = (
				837B3C2C25E210E900D65FAE /* ViewController.swift in Sources */,
				837B3C2825E210E900D65FAE /* AppDelegate.swift in Sources */,
				837B3C2A25E210E900D65FAE /* SceneDelegate.swift in Sources */,
			);
			runOnlyForDeploymentPostprocessing = 0;
		};
		837B3C3625E210EA00D65FAE /* Sources */ = {
			isa = PBXSourcesBuildPhase;
			buildActionMask = 2147483647;
			files = (
				837B3C3F25E210EA00D65FAE /* TriangleAppTests.swift in Sources */,
			);
			runOnlyForDeploymentPostprocessing = 0;
		};
		837B3C4125E210EA00D65FAE /* Sources */ = {
			isa = PBXSourcesBuildPhase;
			buildActionMask = 2147483647;
			files = (
				837B3C4A25E210EA00D65FAE /* TriangleAppUITests.swift in Sources */,
			);
			runOnlyForDeploymentPostprocessing = 0;
		};
/* End PBXSourcesBuildPhase section */

/* Begin PBXTargetDependency section */
		837B3C3C25E210EA00D65FAE /* PBXTargetDependency */ = {
			isa = PBXTargetDependency;
			target = 837B3C2325E210E900D65FAE /* TriangleApp */;
			targetProxy = 837B3C3B25E210EA00D65FAE /* PBXContainerItemProxy */;
		};
		837B3C4725E210EA00D65FAE /* PBXTargetDependency */ = {
			isa = PBXTargetDependency;
			target = 837B3C2325E210E900D65FAE /* TriangleApp */;
			targetProxy = 837B3C4625E210EA00D65FAE /* PBXContainerItemProxy */;
		};
/* End PBXTargetDependency section */

/* Begin PBXVariantGroup section */
		837B3C2D25E210E900D65FAE /* Main.storyboard */ = {
			isa = PBXVariantGroup;
			children = (
				837B3C2E25E210E900D65FAE /* Base */,
			);
			name = Main.storyboard;
			sourceTree = "<group>";
		};
		837B3C3225E210EA00D65FAE /* LaunchScreen.storyboard */ = {
			isa = PBXVariantGroup;
			children = (
				837B3C3325E210EA00D65FAE /* Base */,
			);
			name = LaunchScreen.storyboard;
			sourceTree = "<group>";
		};
/* End PBXVariantGroup section */

/* Begin XCBuildConfiguration section */
		837B3C4C25E210EA00D65FAE /* Debug */ = {
			isa = XCBuildConfiguration;
			buildSettings = {
				ALWAYS_SEARCH_USER_PATHS = NO;
				CLANG_ANALYZER_NONNULL = YES;
				CLANG_ANALYZER_NUMBER_OBJECT_CONVERSION = YES_AGGRESSIVE;
				CLANG_CXX_LANGUAGE_STANDARD = "gnu++14";
				CLANG_CXX_LIBRARY = "libc++";
				CLANG_ENABLE_MODULES = YES;
				CLANG_ENABLE_OBJC_ARC = YES;
				CLANG_ENABLE_OBJC_WEAK = YES;
				CLANG_WARN_BLOCK_CAPTURE_AUTORELEASING = YES;
				CLANG_WARN_BOOL_CONVERSION = YES;
				CLANG_WARN_COMMA = YES;
				CLANG_WARN_CONSTANT_CONVERSION = YES;
				CLANG_WARN_DEPRECATED_OBJC_IMPLEMENTATIONS = YES;
				CLANG_WARN_DIRECT_OBJC_ISA_USAGE = YES_ERROR;
				CLANG_WARN_DOCUMENTATION_COMMENTS = YES;
				CLANG_WARN_EMPTY_BODY = YES;
				CLANG_WARN_ENUM_CONVERSION = YES;
				CLANG_WARN_INFINITE_RECURSION = YES;
				CLANG_WARN_INT_CONVERSION = YES;
				CLANG_WARN_NON_LITERAL_NULL_CONVERSION = YES;
				CLANG_WARN_OBJC_IMPLICIT_RETAIN_SELF = YES;
				CLANG_WARN_OBJC_LITERAL_CONVERSION = YES;
				CLANG_WARN_OBJC_ROOT_CLASS = YES_ERROR;
				CLANG_WARN_QUOTED_INCLUDE_IN_FRAMEWORK_HEADER = YES;
				CLANG_WARN_RANGE_LOOP_ANALYSIS = YES;
				CLANG_WARN_STRICT_PROTOTYPES = YES;
				CLANG_WARN_SUSPICIOUS_MOVE = YES;
				CLANG_WARN_UNGUARDED_AVAILABILITY = YES_AGGRESSIVE;
				CLANG_WARN_UNREACHABLE_CODE = YES;
				CLANG_WARN__DUPLICATE_METHOD_MATCH = YES;
				COPY_PHASE_STRIP = NO;
				DEBUG_INFORMATION_FORMAT = dwarf;
				ENABLE_STRICT_OBJC_MSGSEND = YES;
				ENABLE_TESTABILITY = YES;
				GCC_C_LANGUAGE_STANDARD = gnu11;
				GCC_DYNAMIC_NO_PIC = NO;
				GCC_NO_COMMON_BLOCKS = YES;
				GCC_OPTIMIZATION_LEVEL = 0;
				GCC_PREPROCESSOR_DEFINITIONS = (
					"DEBUG=1",
					"$(inherited)",
				);
				GCC_WARN_64_TO_32_BIT_CONVERSION = YES;
				GCC_WARN_ABOUT_RETURN_TYPE = YES_ERROR;
				GCC_WARN_UNDECLARED_SELECTOR = YES;
				GCC_WARN_UNINITIALIZED_AUTOS = YES_AGGRESSIVE;
				GCC_WARN_UNUSED_FUNCTION = YES;
				GCC_WARN_UNUSED_VARIABLE = YES;
				IPHONEOS_DEPLOYMENT_TARGET = 13.6;
				MTL_ENABLE_DEBUG_INFO = INCLUDE_SOURCE;
				MTL_FAST_MATH = YES;
				ONLY_ACTIVE_ARCH = YES;
				SDKROOT = iphoneos;
				SWIFT_ACTIVE_COMPILATION_CONDITIONS = DEBUG;
				SWIFT_OPTIMIZATION_LEVEL = "-Onone";
			};
			name = Debug;
		};
		837B3C4D25E210EA00D65FAE /* Release */ = {
			isa = XCBuildConfiguration;
			buildSettings = {
				ALWAYS_SEARCH_USER_PATHS = NO;
				CLANG_ANALYZER_NONNULL = YES;
				CLANG_ANALYZER_NUMBER_OBJECT_CONVERSION = YES_AGGRESSIVE;
				CLANG_CXX_LANGUAGE_STANDARD = "gnu++14";
				CLANG_CXX_LIBRARY = "libc++";
				CLANG_ENABLE_MODULES = YES;
				CLANG_ENABLE_OBJC_ARC = YES;
				CLANG_ENABLE_OBJC_WEAK = YES;
				CLANG_WARN_BLOCK_CAPTURE_AUTORELEASING = YES;
				CLANG_WARN_BOOL_CONVERSION = YES;
				CLANG_WARN_COMMA = YES;
				CLANG_WARN_CONSTANT_CONVERSION = YES;
				CLANG_WARN_DEPRECATED_OBJC_IMPLEMENTATIONS = YES;
				CLANG_WARN_DIRECT_OBJC_ISA_USAGE = YES_ERROR;
				CLANG_WARN_DOCUMENTATION_COMMENTS = YES;
				CLANG_WARN_EMPTY_BODY = YES;
				CLANG_WARN_ENUM_CONVERSION = YES;
				CLANG_WARN_INFINITE_RECURSION = YES;
				CLANG_WARN_INT_CONVERSION = YES;
				CLANG_WARN_NON_LITERAL_NULL_CONVERSION = YES;
				CLANG_WARN_OBJC_IMPLICIT_RETAIN_SELF = YES;
				CLANG_WARN_OBJC_LITERAL_CONVERSION = YES;
				CLANG_WARN_OBJC_ROOT_CLASS = YES_ERROR;
				CLANG_WARN_QUOTED_INCLUDE_IN_FRAMEWORK_HEADER = YES;
				CLANG_WARN_RANGE_LOOP_ANALYSIS = YES;
				CLANG_WARN_STRICT_PROTOTYPES = YES;
				CLANG_WARN_SUSPICIOUS_MOVE = YES;
				CLANG_WARN_UNGUARDED_AVAILABILITY = YES_AGGRESSIVE;
				CLANG_WARN_UNREACHABLE_CODE = YES;
				CLANG_WARN__DUPLICATE_METHOD_MATCH = YES;
				COPY_PHASE_STRIP = NO;
				DEBUG_INFORMATION_FORMAT = "dwarf-with-dsym";
				ENABLE_NS_ASSERTIONS = NO;
				ENABLE_STRICT_OBJC_MSGSEND = YES;
				GCC_C_LANGUAGE_STANDARD = gnu11;
				GCC_NO_COMMON_BLOCKS = YES;
				GCC_WARN_64_TO_32_BIT_CONVERSION = YES;
				GCC_WARN_ABOUT_RETURN_TYPE = YES_ERROR;
				GCC_WARN_UNDECLARED_SELECTOR = YES;
				GCC_WARN_UNINITIALIZED_AUTOS = YES_AGGRESSIVE;
				GCC_WARN_UNUSED_FUNCTION = YES;
				GCC_WARN_UNUSED_VARIABLE = YES;
				IPHONEOS_DEPLOYMENT_TARGET = 13.6;
				MTL_ENABLE_DEBUG_INFO = NO;
				MTL_FAST_MATH = YES;
				SDKROOT = iphoneos;
				SWIFT_COMPILATION_MODE = wholemodule;
				SWIFT_OPTIMIZATION_LEVEL = "-O";
				VALIDATE_PRODUCT = YES;
			};
			name = Release;
		};
		837B3C4F25E210EA00D65FAE /* Debug */ = {
			isa = XCBuildConfiguration;
			buildSettings = {
				ASSETCATALOG_COMPILER_APPICON_NAME = AppIcon;
				ASSETCATALOG_COMPILER_GLOBAL_ACCENT_COLOR_NAME = AccentColor;
				CODE_SIGN_STYLE = Automatic;
				DEVELOPMENT_TEAM = UPCX9GY2XM;
				INFOPLIST_FILE = TriangleApp/Info.plist;
				IPHONEOS_DEPLOYMENT_TARGET = 13.6;
				LD_RUNPATH_SEARCH_PATHS = (
					"$(inherited)",
					"@executable_path/Frameworks",
				);
				PRODUCT_BUNDLE_IDENTIFIER = com.ssm.TriangleApp;
				PRODUCT_NAME = "$(TARGET_NAME)";
				SWIFT_VERSION = 5.0;
				TARGETED_DEVICE_FAMILY = "1,2";
			};
			name = Debug;
		};
		837B3C5025E210EA00D65FAE /* Release */ = {
			isa = XCBuildConfiguration;
			buildSettings = {
				ASSETCATALOG_COMPILER_APPICON_NAME = AppIcon;
				ASSETCATALOG_COMPILER_GLOBAL_ACCENT_COLOR_NAME = AccentColor;
				CODE_SIGN_STYLE = Automatic;
				DEVELOPMENT_TEAM = UPCX9GY2XM;
				INFOPLIST_FILE = TriangleApp/Info.plist;
				IPHONEOS_DEPLOYMENT_TARGET = 13.6;
				LD_RUNPATH_SEARCH_PATHS = (
					"$(inherited)",
					"@executable_path/Frameworks",
				);
				PRODUCT_BUNDLE_IDENTIFIER = com.ssm.TriangleApp;
				PRODUCT_NAME = "$(TARGET_NAME)";
				SWIFT_VERSION = 5.0;
				TARGETED_DEVICE_FAMILY = "1,2";
			};
			name = Release;
		};
		837B3C5225E210EA00D65FAE /* Debug */ = {
			isa = XCBuildConfiguration;
			buildSettings = {
				ALWAYS_EMBED_SWIFT_STANDARD_LIBRARIES = YES;
				BUNDLE_LOADER = "$(TEST_HOST)";
				CODE_SIGN_STYLE = Automatic;
				DEVELOPMENT_TEAM = UPCX9GY2XM;
				INFOPLIST_FILE = TriangleAppTests/Info.plist;
				IPHONEOS_DEPLOYMENT_TARGET = 13.6;
				LD_RUNPATH_SEARCH_PATHS = (
					"$(inherited)",
					"@executable_path/Frameworks",
					"@loader_path/Frameworks",
				);
				PRODUCT_BUNDLE_IDENTIFIER = com.ssm.TriangleAppTests;
				PRODUCT_NAME = "$(TARGET_NAME)";
				SWIFT_VERSION = 5.0;
				TARGETED_DEVICE_FAMILY = "1,2";
				TEST_HOST = "$(BUILT_PRODUCTS_DIR)/TriangleApp.app/TriangleApp";
			};
			name = Debug;
		};
		837B3C5325E210EA00D65FAE /* Release */ = {
			isa = XCBuildConfiguration;
			buildSettings = {
				ALWAYS_EMBED_SWIFT_STANDARD_LIBRARIES = YES;
				BUNDLE_LOADER = "$(TEST_HOST)";
				CODE_SIGN_STYLE = Automatic;
				DEVELOPMENT_TEAM = UPCX9GY2XM;
				INFOPLIST_FILE = TriangleAppTests/Info.plist;
				IPHONEOS_DEPLOYMENT_TARGET = 13.6;
				LD_RUNPATH_SEARCH_PATHS = (
					"$(inherited)",
					"@executable_path/Frameworks",
					"@loader_path/Frameworks",
				);
				PRODUCT_BUNDLE_IDENTIFIER = com.ssm.TriangleAppTests;
				PRODUCT_NAME = "$(TARGET_NAME)";
				SWIFT_VERSION = 5.0;
				TARGETED_DEVICE_FAMILY = "1,2";
				TEST_HOST = "$(BUILT_PRODUCTS_DIR)/TriangleApp.app/TriangleApp";
			};
			name = Release;
		};
		837B3C5525E210EA00D65FAE /* Debug */ = {
			isa = XCBuildConfiguration;
			buildSettings = {
				ALWAYS_EMBED_SWIFT_STANDARD_LIBRARIES = YES;
				CODE_SIGN_STYLE = Automatic;
				DEVELOPMENT_TEAM = UPCX9GY2XM;
				INFOPLIST_FILE = TriangleAppUITests/Info.plist;
				LD_RUNPATH_SEARCH_PATHS = (
					"$(inherited)",
					"@executable_path/Frameworks",
					"@loader_path/Frameworks",
				);
				PRODUCT_BUNDLE_IDENTIFIER = com.ssm.TriangleAppUITests;
				PRODUCT_NAME = "$(TARGET_NAME)";
				SWIFT_VERSION = 5.0;
				TARGETED_DEVICE_FAMILY = "1,2";
				TEST_TARGET_NAME = TriangleApp;
			};
			name = Debug;
		};
		837B3C5625E210EA00D65FAE /* Release */ = {
			isa = XCBuildConfiguration;
			buildSettings = {
				ALWAYS_EMBED_SWIFT_STANDARD_LIBRARIES = YES;
				CODE_SIGN_STYLE = Automatic;
				DEVELOPMENT_TEAM = UPCX9GY2XM;
				INFOPLIST_FILE = TriangleAppUITests/Info.plist;
				LD_RUNPATH_SEARCH_PATHS = (
					"$(inherited)",
					"@executable_path/Frameworks",
					"@loader_path/Frameworks",
				);
				PRODUCT_BUNDLE_IDENTIFIER = com.ssm.TriangleAppUITests;
				PRODUCT_NAME = "$(TARGET_NAME)";
				SWIFT_VERSION = 5.0;
				TARGETED_DEVICE_FAMILY = "1,2";
				TEST_TARGET_NAME = TriangleApp;
			};
			name = Release;
		};
/* End XCBuildConfiguration section */

/* Begin XCConfigurationList section */
		837B3C1F25E210E900D65FAE /* Build configuration list for PBXProject "TriangleApp" */ = {
			isa = XCConfigurationList;
			buildConfigurations = (
				837B3C4C25E210EA00D65FAE /* Debug */,
				837B3C4D25E210EA00D65FAE /* Release */,
			);
			defaultConfigurationIsVisible = 0;
			defaultConfigurationName = Release;
		};
		837B3C4E25E210EA00D65FAE /* Build configuration list for PBXNativeTarget "TriangleApp" */ = {
			isa = XCConfigurationList;
			buildConfigurations = (
				837B3C4F25E210EA00D65FAE /* Debug */,
				837B3C5025E210EA00D65FAE /* Release */,
			);
			defaultConfigurationIsVisible = 0;
			defaultConfigurationName = Release;
		};
		837B3C5125E210EA00D65FAE /* Build configuration list for PBXNativeTarget "TriangleAppTests" */ = {
			isa = XCConfigurationList;
			buildConfigurations = (
				837B3C5225E210EA00D65FAE /* Debug */,
				837B3C5325E210EA00D65FAE /* Release */,
			);
			defaultConfigurationIsVisible = 0;
			defaultConfigurationName = Release;
		};
		837B3C5425E210EA00D65FAE /* Build configuration list for PBXNativeTarget "TriangleAppUITests" */ = {
			isa = XCConfigurationList;
			buildConfigurations = (
				837B3C5525E210EA00D65FAE /* Debug */,
				837B3C5625E210EA00D65FAE /* Release */,
			);
			defaultConfigurationIsVisible = 0;
			defaultConfigurationName = Release;
		};
/* End XCConfigurationList section */
	};
	rootObject = 837B3C1C25E210E900D65FAE /* Project object */;
}
